
Microsoft Visual Studio Solution File, Format Version 12.00
# Visual Studio 15
VisualStudioVersion = 15.0.26228.64
MinimumVisualStudioVersion = 10.0.40219.1
Project("{151D2E53-A2C4-4D7D-83FE-D05416EBD58E}") = "AzureResourceGroup1", "AzureResourceGroup1\AzureResourceGroup1.deployproj", "{0B575190-3647-4211-9B20-71F03F2CCCB7}"
EndProject
Project("{FAE04EC0-301F-11D3-BF4B-00C04F79EFBC}") = "myFirstAzureWebApp", "..\myFirstAzureWebApp\myFirstAzureWebApp\myFirstAzureWebApp.csproj", "{446FCE2D-D5E1-4F7F-A254-62018555C817}"
EndProject
Global
	GlobalSection(SolutionConfigurationPlatforms) = preSolution
		Debug|Any CPU = Debug|Any CPU
		Release|Any CPU = Release|Any CPU
	EndGlobalSection
	GlobalSection(ProjectConfigurationPlatforms) = postSolution
		{0B575190-3647-4211-9B20-71F03F2CCCB7}.Debug|Any CPU.ActiveCfg = Debug|Any CPU
		{0B575190-3647-4211-9B20-71F03F2CCCB7}.Debug|Any CPU.Build.0 = Debug|Any CPU
		{0B575190-3647-4211-9B20-71F03F2CCCB7}.Release|Any CPU.ActiveCfg = Release|Any CPU
		{0B575190-3647-4211-9B20-71F03F2CCCB7}.Release|Any CPU.Build.0 = Release|Any CPU
		{446FCE2D-D5E1-4F7F-A254-62018555C817}.Debug|Any CPU.ActiveCfg = Debug|Any CPU
		{446FCE2D-D5E1-4F7F-A254-62018555C817}.Debug|Any CPU.Build.0 = Debug|Any CPU
		{446FCE2D-D5E1-4F7F-A254-62018555C817}.Release|Any CPU.ActiveCfg = Release|Any CPU
		{446FCE2D-D5E1-4F7F-A254-62018555C817}.Release|Any CPU.Build.0 = Release|Any CPU
	EndGlobalSection
	GlobalSection(SolutionProperties) = preSolution
		HideSolutionNode = FALSE
	EndGlobalSection
EndGlobal
